
Microsoft Visual Studio Solution File, Format Version 12.00
# Visual Studio Version 16
VisualStudioVersion = 25.0.1700.0
MinimumVisualStudioVersion = 10.0.40219.1
Project("{FAE04EC0-301F-11D3-BF4B-00C04F79EFBC}") = "greenhouse_app", "greenhouse_app.csproj", "{0219693A-C7A4-43F1-AF1E-481566F66414}"
EndProject
Global
	GlobalSection(SolutionConfigurationPlatforms) = preSolution
		Debug|Any CPU = Debug|Any CPU
		Release|Any CPU = Release|Any CPU
	EndGlobalSection
	GlobalSection(ProjectConfigurationPlatforms) = postSolution
		{0219693A-C7A4-43F1-AF1E-481566F66414}.Debug|Any CPU.ActiveCfg = Debug|Any CPU
		{0219693A-C7A4-43F1-AF1E-481566F66414}.Debug|Any CPU.Build.0 = Debug|Any CPU
		{0219693A-C7A4-43F1-AF1E-481566F66414}.Release|Any CPU.ActiveCfg = Release|Any CPU
		{0219693A-C7A4-43F1-AF1E-481566F66414}.Release|Any CPU.Build.0 = Release|Any CPU
	EndGlobalSection
	GlobalSection(SolutionProperties) = preSolution
		HideSolutionNode = FALSE
	EndGlobalSection
	GlobalSection(ExtensibilityGlobals) = postSolution
		SolutionGuid = {72D189B9-92AD-46B1-97F3-9FF305748A91}
	EndGlobalSection
EndGlobal
